{
  "requires": true,
  "lockfileVersion": 1,
  "dependencies": {
    "three-trackballcontrols": {
      "version": "0.0.8",
      "resolved": "https://registry.npmjs.org/three-trackballcontrols/-/three-trackballcontrols-0.0.8.tgz",
      "integrity": "sha512-9my4rB/ILaJw8E6khOcC6d8F8kEe6BvRtCer9bFJGZOh9txy4BqzwPrG7d8YCKK9MfcyTUoLsB5LKIsbtsZRTg=="
    }
  }
}
